
Microsoft Visual Studio Solution File, Format Version 12.00
# Visual Studio Version 17
VisualStudioVersion = 17.4.33110.190
MinimumVisualStudioVersion = 10.0.40219.1
Project("{FAE04EC0-301F-11D3-BF4B-00C04F79EFBC}") = "WebApplication2", "WebApplication2\WebApplication2.csproj", "{305A1298-CCF8-4FD4-998C-455D03B2ADE0}"
EndProject
Project("{FAE04EC0-301F-11D3-BF4B-00C04F79EFBC}") = "Events.Site", "Events.Site\Events.Site.csproj", "{660FDB6F-6267-44B8-9EB1-7C5C2FAF47B6}"
EndProject
Project("{FAE04EC0-301F-11D3-BF4B-00C04F79EFBC}") = "WebApplication1", "WebApplication1\WebApplication1.csproj", "{1C4041A8-99EF-4999-AF9C-0153227587A6}"
EndProject
Global
	GlobalSection(SolutionConfigurationPlatforms) = preSolution
		Debug|Any CPU = Debug|Any CPU
		Release|Any CPU = Release|Any CPU
	EndGlobalSection
	GlobalSection(ProjectConfigurationPlatforms) = postSolution
		{305A1298-CCF8-4FD4-998C-455D03B2ADE0}.Debug|Any CPU.ActiveCfg = Debug|Any CPU
		{305A1298-CCF8-4FD4-998C-455D03B2ADE0}.Debug|Any CPU.Build.0 = Debug|Any CPU
		{305A1298-CCF8-4FD4-998C-455D03B2ADE0}.Release|Any CPU.ActiveCfg = Release|Any CPU
		{305A1298-CCF8-4FD4-998C-455D03B2ADE0}.Release|Any CPU.Build.0 = Release|Any CPU
		{660FDB6F-6267-44B8-9EB1-7C5C2FAF47B6}.Debug|Any CPU.ActiveCfg = Debug|Any CPU
		{660FDB6F-6267-44B8-9EB1-7C5C2FAF47B6}.Debug|Any CPU.Build.0 = Debug|Any CPU
		{660FDB6F-6267-44B8-9EB1-7C5C2FAF47B6}.Release|Any CPU.ActiveCfg = Release|Any CPU
		{660FDB6F-6267-44B8-9EB1-7C5C2FAF47B6}.Release|Any CPU.Build.0 = Release|Any CPU
		{1C4041A8-99EF-4999-AF9C-0153227587A6}.Debug|Any CPU.ActiveCfg = Debug|Any CPU
		{1C4041A8-99EF-4999-AF9C-0153227587A6}.Debug|Any CPU.Build.0 = Debug|Any CPU
		{1C4041A8-99EF-4999-AF9C-0153227587A6}.Release|Any CPU.ActiveCfg = Release|Any CPU
		{1C4041A8-99EF-4999-AF9C-0153227587A6}.Release|Any CPU.Build.0 = Release|Any CPU
	EndGlobalSection
	GlobalSection(SolutionProperties) = preSolution
		HideSolutionNode = FALSE
	EndGlobalSection
	GlobalSection(ExtensibilityGlobals) = postSolution
		SolutionGuid = {23F64D18-BA3F-4A68-B1B7-BADEED9060D4}
	EndGlobalSection
EndGlobal
